
Microsoft Visual Studio Solution File, Format Version 12.00
# Visual Studio Version 16
VisualStudioVersion = 16.0.32002.261
MinimumVisualStudioVersion = 10.0.40219.1
Project("{9A19103F-16F7-4668-BE54-9A1E7A4F7556}") = "Discount.Calculator.API", "Discount.Calculator.API.csproj", "{A877823D-B679-40AC-A39A-5264FB4A3E46}"
EndProject
Project("{9A19103F-16F7-4668-BE54-9A1E7A4F7556}") = "Discount.Calculator.Domain", "..\Discount.Calculator.Domain\Discount.Calculator.Domain.csproj", "{169828A5-B6AC-4DF6-87D9-DF1440E2B08B}"
EndProject
Project("{9A19103F-16F7-4668-BE54-9A1E7A4F7556}") = "Discount.Calculator.Service", "..\Discount.Calculator.Service\Discount.Calculator.Service.csproj", "{1B29FE0B-611B-4A4D-BE96-FE78C4509556}"
EndProject
Project("{9A19103F-16F7-4668-BE54-9A1E7A4F7556}") = "Discount.Calculator.Repository", "..\Discount.Calculator.Repository\Discount.Calculator.Repository.csproj", "{45E3EC6F-7ECA-45D6-B562-1F79EC0ACF1C}"
EndProject
Project("{FAE04EC0-301F-11D3-BF4B-00C04F79EFBC}") = "Discount.Calculator.Test", "..\Discount.Calculator.Test\Discount.Calculator.Test.csproj", "{79EEE1E5-D05B-4D96-9A59-2DD5B52BEC12}"
EndProject
Global
	GlobalSection(SolutionConfigurationPlatforms) = preSolution
		Debug|Any CPU = Debug|Any CPU
		Release|Any CPU = Release|Any CPU
	EndGlobalSection
	GlobalSection(ProjectConfigurationPlatforms) = postSolution
		{A877823D-B679-40AC-A39A-5264FB4A3E46}.Debug|Any CPU.ActiveCfg = Debug|Any CPU
		{A877823D-B679-40AC-A39A-5264FB4A3E46}.Debug|Any CPU.Build.0 = Debug|Any CPU
		{A877823D-B679-40AC-A39A-5264FB4A3E46}.Release|Any CPU.ActiveCfg = Release|Any CPU
		{A877823D-B679-40AC-A39A-5264FB4A3E46}.Release|Any CPU.Build.0 = Release|Any CPU
		{169828A5-B6AC-4DF6-87D9-DF1440E2B08B}.Debug|Any CPU.ActiveCfg = Debug|Any CPU
		{169828A5-B6AC-4DF6-87D9-DF1440E2B08B}.Debug|Any CPU.Build.0 = Debug|Any CPU
		{169828A5-B6AC-4DF6-87D9-DF1440E2B08B}.Release|Any CPU.ActiveCfg = Release|Any CPU
		{169828A5-B6AC-4DF6-87D9-DF1440E2B08B}.Release|Any CPU.Build.0 = Release|Any CPU
		{1B29FE0B-611B-4A4D-BE96-FE78C4509556}.Debug|Any CPU.ActiveCfg = Debug|Any CPU
		{1B29FE0B-611B-4A4D-BE96-FE78C4509556}.Debug|Any CPU.Build.0 = Debug|Any CPU
		{1B29FE0B-611B-4A4D-BE96-FE78C4509556}.Release|Any CPU.ActiveCfg = Release|Any CPU
		{1B29FE0B-611B-4A4D-BE96-FE78C4509556}.Release|Any CPU.Build.0 = Release|Any CPU
		{45E3EC6F-7ECA-45D6-B562-1F79EC0ACF1C}.Debug|Any CPU.ActiveCfg = Debug|Any CPU
		{45E3EC6F-7ECA-45D6-B562-1F79EC0ACF1C}.Debug|Any CPU.Build.0 = Debug|Any CPU
		{45E3EC6F-7ECA-45D6-B562-1F79EC0ACF1C}.Release|Any CPU.ActiveCfg = Release|Any CPU
		{45E3EC6F-7ECA-45D6-B562-1F79EC0ACF1C}.Release|Any CPU.Build.0 = Release|Any CPU
		{79EEE1E5-D05B-4D96-9A59-2DD5B52BEC12}.Debug|Any CPU.ActiveCfg = Debug|Any CPU
		{79EEE1E5-D05B-4D96-9A59-2DD5B52BEC12}.Debug|Any CPU.Build.0 = Debug|Any CPU
		{79EEE1E5-D05B-4D96-9A59-2DD5B52BEC12}.Release|Any CPU.ActiveCfg = Release|Any CPU
		{79EEE1E5-D05B-4D96-9A59-2DD5B52BEC12}.Release|Any CPU.Build.0 = Release|Any CPU
	EndGlobalSection
	GlobalSection(SolutionProperties) = preSolution
		HideSolutionNode = FALSE
	EndGlobalSection
	GlobalSection(ExtensibilityGlobals) = postSolution
		SolutionGuid = {574A946A-0B1E-41C1-8AC8-B02558C4F019}
	EndGlobalSection
EndGlobal
